// !$*UTF8*$!
{
	archiveVersion = 1;
	classes = {
	};
	objectVersion = 46;
	objects = {

/* Begin PBXBuildFile section */
		4BF8672BD72AEA429F398ED0 /* Pods_Which_one.framework in Frameworks */ = {isa = PBXBuildFile; fileRef = 5E7ACCF68E82FDD0FE71762A /* Pods_Which_one.framework */; };
		5B2A29971F0B054F00C6E58D /* AppDelegate.swift in Sources */ = {isa = PBXBuildFile; fileRef = 5B2A29961F0B054F00C6E58D /* AppDelegate.swift */; };
		5B2A29991F0B054F00C6E58D /* ViewController.swift in Sources */ = {isa = PBXBuildFile; fileRef = 5B2A29981F0B054F00C6E58D /* ViewController.swift */; };
		5B2A299C1F0B054F00C6E58D /* Main.storyboard in Resources */ = {isa = PBXBuildFile; fileRef = 5B2A299A1F0B054F00C6E58D /* Main.storyboard */; };
		5B2A299F1F0B054F00C6E58D /* Which_one.xcdatamodeld in Sources */ = {isa = PBXBuildFile; fileRef = 5B2A299D1F0B054F00C6E58D /* Which_one.xcdatamodeld */; };
		5B2A29A11F0B054F00C6E58D /* Assets.xcassets in Resources */ = {isa = PBXBuildFile; fileRef = 5B2A29A01F0B054F00C6E58D /* Assets.xcassets */; };
		5B2A29A41F0B054F00C6E58D /* LaunchScreen.storyboard in Resources */ = {isa = PBXBuildFile; fileRef = 5B2A29A21F0B054F00C6E58D /* LaunchScreen.storyboard */; };
/* End PBXBuildFile section */

/* Begin PBXFileReference section */
		5B2A29931F0B054F00C6E58D /* Which one.app */ = {isa = PBXFileReference; explicitFileType = wrapper.application; includeInIndex = 0; path = "Which one.app"; sourceTree = BUILT_PRODUCTS_DIR; };
		5B2A29961F0B054F00C6E58D /* AppDelegate.swift */ = {isa = PBXFileReference; lastKnownFileType = sourcecode.swift; path = AppDelegate.swift; sourceTree = "<group>"; };
		5B2A29981F0B054F00C6E58D /* ViewController.swift */ = {isa = PBXFileReference; lastKnownFileType = sourcecode.swift; path = ViewController.swift; sourceTree = "<group>"; };
		5B2A299B1F0B054F00C6E58D /* Base */ = {isa = PBXFileReference; lastKnownFileType = file.storyboard; name = Base; path = Base.lproj/Main.storyboard; sourceTree = "<group>"; };
		5B2A299E1F0B054F00C6E58D /* Which_one.xcdatamodel */ = {isa = PBXFileReference; lastKnownFileType = wrapper.xcdatamodel; path = Which_one.xcdatamodel; sourceTree = "<group>"; };
		5B2A29A01F0B054F00C6E58D /* Assets.xcassets */ = {isa = PBXFileReference; lastKnownFileType = folder.assetcatalog; path = Assets.xcassets; sourceTree = "<group>"; };
		5B2A29A31F0B054F00C6E58D /* Base */ = {isa = PBXFileReference; lastKnownFileType = file.storyboard; name = Base; path = Base.lproj/LaunchScreen.storyboard; sourceTree = "<group>"; };
		5B2A29A51F0B054F00C6E58D /* Info.plist */ = {isa = PBXFileReference; lastKnownFileType = text.plist.xml; path = Info.plist; sourceTree = "<group>"; };
		5E7ACCF68E82FDD0FE71762A /* Pods_Which_one.framework */ = {isa = PBXFileReference; explicitFileType = wrapper.framework; includeInIndex = 0; path = Pods_Which_one.framework; sourceTree = BUILT_PRODUCTS_DIR; };
		94E9B109576E7418295158D5 /* Pods-Which one.release.xcconfig */ = {isa = PBXFileReference; includeInIndex = 1; lastKnownFileType = text.xcconfig; name = "Pods-Which one.release.xcconfig"; path = "Pods/Target Support Files/Pods-Which one/Pods-Which one.release.xcconfig"; sourceTree = "<group>"; };
		C738C7EA3DF10CF765B5BA68 /* Pods-Which one.debug.xcconfig */ = {isa = PBXFileReference; includeInIndex = 1; lastKnownFileType = text.xcconfig; name = "Pods-Which one.debug.xcconfig"; path = "Pods/Target Support Files/Pods-Which one/Pods-Which one.debug.xcconfig"; sourceTree = "<group>"; };
/* End PBXFileReference section */

/* Begin PBXFrameworksBuildPhase section */
		5B2A29901F0B054F00C6E58D /* Frameworks */ = {
			isa = PBXFrameworksBuildPhase;
			buildActionMask = 2147483647;
			files = (
				4BF8672BD72AEA429F398ED0 /* Pods_Which_one.framework in Frameworks */,
			);
			runOnlyForDeploymentPostprocessing = 0;
		};
/* End PBXFrameworksBuildPhase section */

/* Begin PBXGroup section */
		242D4B921B9E83F847371255 /* Frameworks */ = {
			isa = PBXGroup;
			children = (
				5E7ACCF68E82FDD0FE71762A /* Pods_Which_one.framework */,
			);
			name = Frameworks;
			sourceTree = "<group>";
		};
		5B2A298A1F0B054F00C6E58D = {
			isa = PBXGroup;
			children = (
				5B2A29951F0B054F00C6E58D /* Which one */,
				5B2A29941F0B054F00C6E58D /* Products */,
				F5F7F2D61E87B344AEB62083 /* Pods */,
				242D4B921B9E83F847371255 /* Frameworks */,
			);
			sourceTree = "<group>";
		};
		5B2A29941F0B054F00C6E58D /* Products */ = {
			isa = PBXGroup;
			children = (
				5B2A29931F0B054F00C6E58D /* Which one.app */,
			);
			name = Products;
			sourceTree = "<group>";
		};
		5B2A29951F0B054F00C6E58D /* Which one */ = {
			isa = PBXGroup;
			children = (
				5B2A29961F0B054F00C6E58D /* AppDelegate.swift */,
				5B2A29981F0B054F00C6E58D /* ViewController.swift */,
				5B2A299A1F0B054F00C6E58D /* Main.storyboard */,
				5B2A29A01F0B054F00C6E58D /* Assets.xcassets */,
				5B2A29A21F0B054F00C6E58D /* LaunchScreen.storyboard */,
				5B2A29A51F0B054F00C6E58D /* Info.plist */,
				5B2A299D1F0B054F00C6E58D /* Which_one.xcdatamodeld */,
			);
			path = "Which one";
			sourceTree = "<group>";
		};
		F5F7F2D61E87B344AEB62083 /* Pods */ = {
			isa = PBXGroup;
			children = (
				C738C7EA3DF10CF765B5BA68 /* Pods-Which one.debug.xcconfig */,
				94E9B109576E7418295158D5 /* Pods-Which one.release.xcconfig */,
			);
			name = Pods;
			sourceTree = "<group>";
		};
/* End PBXGroup section */

/* Begin PBXNativeTarget section */
		5B2A29921F0B054F00C6E58D /* Which one */ = {
			isa = PBXNativeTarget;
			buildConfigurationList = 5B2A29A81F0B054F00C6E58D /* Build configuration list for PBXNativeTarget "Which one" */;
			buildPhases = (
				6AB733B328DF80E16FC09213 /* [CP] Check Pods Manifest.lock */,
				5B2A298F1F0B054F00C6E58D /* Sources */,
				5B2A29901F0B054F00C6E58D /* Frameworks */,
				5B2A29911F0B054F00C6E58D /* Resources */,
				558015CD26A0EC7F5EDF4F60 /* [CP] Embed Pods Frameworks */,
				4CCFBE3D7867BEBBCD5BED6D /* [CP] Copy Pods Resources */,
			);
			buildRules = (
			);
			dependencies = (
			);
			name = "Which one";
			productName = "Which one";
			productReference = 5B2A29931F0B054F00C6E58D /* Which one.app */;
			productType = "com.apple.product-type.application";
		};
/* End PBXNativeTarget section */

/* Begin PBXProject section */
		5B2A298B1F0B054F00C6E58D /* Project object */ = {
			isa = PBXProject;
			attributes = {
				LastSwiftUpdateCheck = 0830;
				LastUpgradeCheck = 0830;
				ORGANIZATIONNAME = "Quang Vu";
				TargetAttributes = {
					5B2A29921F0B054F00C6E58D = {
						CreatedOnToolsVersion = 8.3.3;
						DevelopmentTeam = TALKAB4XDB;
						ProvisioningStyle = Automatic;
					};
				};
			};
			buildConfigurationList = 5B2A298E1F0B054F00C6E58D /* Build configuration list for PBXProject "Which one" */;
			compatibilityVersion = "Xcode 3.2";
			developmentRegion = English;
			hasScannedForEncodings = 0;
			knownRegions = (
				en,
				Base,
			);
			mainGroup = 5B2A298A1F0B054F00C6E58D;
			productRefGroup = 5B2A29941F0B054F00C6E58D /* Products */;
			projectDirPath = "";
			projectRoot = "";
			targets = (
				5B2A29921F0B054F00C6E58D /* Which one */,
			);
		};
/* End PBXProject section */

/* Begin PBXResourcesBuildPhase section */
		5B2A29911F0B054F00C6E58D /* Resources */ = {
			isa = PBXResourcesBuildPhase;
			buildActionMask = 2147483647;
			files = (
				5B2A29A41F0B054F00C6E58D /* LaunchScreen.storyboard in Resources */,
				5B2A29A11F0B054F00C6E58D /* Assets.xcassets in Resources */,
				5B2A299C1F0B054F00C6E58D /* Main.storyboard in Resources */,
			);
			runOnlyForDeploymentPostprocessing = 0;
		};
/* End PBXResourcesBuildPhase section */

/* Begin PBXShellScriptBuildPhase section */
		4CCFBE3D7867BEBBCD5BED6D /* [CP] Copy Pods Resources */ = {
			isa = PBXShellScriptBuildPhase;
			buildActionMask = 2147483647;
			files = (
			);
			inputPaths = (
			);
			name = "[CP] Copy Pods Resources";
			outputPaths = (
			);
			runOnlyForDeploymentPostprocessing = 0;
			shellPath = /bin/sh;
			shellScript = "\"${SRCROOT}/Pods/Target Support Files/Pods-Which one/Pods-Which one-resources.sh\"\n";
			showEnvVarsInLog = 0;
		};
		558015CD26A0EC7F5EDF4F60 /* [CP] Embed Pods Frameworks */ = {
			isa = PBXShellScriptBuildPhase;
			buildActionMask = 2147483647;
			files = (
			);
			inputPaths = (
			);
			name = "[CP] Embed Pods Frameworks";
			outputPaths = (
			);
			runOnlyForDeploymentPostprocessing = 0;
			shellPath = /bin/sh;
			shellScript = "\"${SRCROOT}/Pods/Target Support Files/Pods-Which one/Pods-Which one-frameworks.sh\"\n";
			showEnvVarsInLog = 0;
		};
		6AB733B328DF80E16FC09213 /* [CP] Check Pods Manifest.lock */ = {
			isa = PBXShellScriptBuildPhase;
			buildActionMask = 2147483647;
			files = (
			);
			inputPaths = (
			);
			name = "[CP] Check Pods Manifest.lock";
			outputPaths = (
			);
			runOnlyForDeploymentPostprocessing = 0;
			shellPath = /bin/sh;
			shellScript = "diff \"${PODS_PODFILE_DIR_PATH}/Podfile.lock\" \"${PODS_ROOT}/Manifest.lock\" > /dev/null\nif [ $? != 0 ] ; then\n    # print error to STDERR\n    echo \"error: The sandbox is not in sync with the Podfile.lock. Run 'pod install' or update your CocoaPods installation.\" >&2\n    exit 1\nfi\n";
			showEnvVarsInLog = 0;
		};
/* End PBXShellScriptBuildPhase section */

/* Begin PBXSourcesBuildPhase section */
		5B2A298F1F0B054F00C6E58D /* Sources */ = {
			isa = PBXSourcesBuildPhase;
			buildActionMask = 2147483647;
			files = (
				5B2A299F1F0B054F00C6E58D /* Which_one.xcdatamodeld in Sources */,
				5B2A29991F0B054F00C6E58D /* ViewController.swift in Sources */,
				5B2A29971F0B054F00C6E58D /* AppDelegate.swift in Sources */,
			);
			runOnlyForDeploymentPostprocessing = 0;
		};
/* End PBXSourcesBuildPhase section */

/* Begin PBXVariantGroup section */
		5B2A299A1F0B054F00C6E58D /* Main.storyboard */ = {
			isa = PBXVariantGroup;
			children = (
				5B2A299B1F0B054F00C6E58D /* Base */,
			);
			name = Main.storyboard;
			sourceTree = "<group>";
		};
		5B2A29A21F0B054F00C6E58D /* LaunchScreen.storyboard */ = {
			isa = PBXVariantGroup;
			children = (
				5B2A29A31F0B054F00C6E58D /* Base */,
			);
			name = LaunchScreen.storyboard;
			sourceTree = "<group>";
		};
/* End PBXVariantGroup section */

/* Begin XCBuildConfiguration section */
		5B2A29A61F0B054F00C6E58D /* Debug */ = {
			isa = XCBuildConfiguration;
			buildSettings = {
				ALWAYS_SEARCH_USER_PATHS = NO;
				CLANG_ANALYZER_NONNULL = YES;
				CLANG_ANALYZER_NUMBER_OBJECT_CONVERSION = YES_AGGRESSIVE;
				CLANG_CXX_LANGUAGE_STANDARD = "gnu++0x";
				CLANG_CXX_LIBRARY = "libc++";
				CLANG_ENABLE_MODULES = YES;
				CLANG_ENABLE_OBJC_ARC = YES;
				CLANG_WARN_BOOL_CONVERSION = YES;
				CLANG_WARN_CONSTANT_CONVERSION = YES;
				CLANG_WARN_DIRECT_OBJC_ISA_USAGE = YES_ERROR;
				CLANG_WARN_DOCUMENTATION_COMMENTS = YES;
				CLANG_WARN_EMPTY_BODY = YES;
				CLANG_WARN_ENUM_CONVERSION = YES;
				CLANG_WARN_INFINITE_RECURSION = YES;
				CLANG_WARN_INT_CONVERSION = YES;
				CLANG_WARN_OBJC_ROOT_CLASS = YES_ERROR;
				CLANG_WARN_SUSPICIOUS_MOVE = YES;
				CLANG_WARN_UNREACHABLE_CODE = YES;
				CLANG_WARN__DUPLICATE_METHOD_MATCH = YES;
				"CODE_SIGN_IDENTITY[sdk=iphoneos*]" = "iPhone Developer";
				COPY_PHASE_STRIP = NO;
				DEBUG_INFORMATION_FORMAT = dwarf;
				ENABLE_STRICT_OBJC_MSGSEND = YES;
				ENABLE_TESTABILITY = YES;
				GCC_C_LANGUAGE_STANDARD = gnu99;
				GCC_DYNAMIC_NO_PIC = NO;
				GCC_NO_COMMON_BLOCKS = YES;
				GCC_OPTIMIZATION_LEVEL = 0;
				GCC_PREPROCESSOR_DEFINITIONS = (
					"DEBUG=1",
					"$(inherited)",
				);
				GCC_WARN_64_TO_32_BIT_CONVERSION = YES;
				GCC_WARN_ABOUT_RETURN_TYPE = YES_ERROR;
				GCC_WARN_UNDECLARED_SELECTOR = YES;
				GCC_WARN_UNINITIALIZED_AUTOS = YES_AGGRESSIVE;
				GCC_WARN_UNUSED_FUNCTION = YES;
				GCC_WARN_UNUSED_VARIABLE = YES;
				IPHONEOS_DEPLOYMENT_TARGET = 10.3;
				MTL_ENABLE_DEBUG_INFO = YES;
				ONLY_ACTIVE_ARCH = YES;
				SDKROOT = iphoneos;
				SWIFT_ACTIVE_COMPILATION_CONDITIONS = DEBUG;
				SWIFT_OPTIMIZATION_LEVEL = "-Onone";
			};
			name = Debug;
		};
		5B2A29A71F0B054F00C6E58D /* Release */ = {
			isa = XCBuildConfiguration;
			buildSettings = {
				ALWAYS_SEARCH_USER_PATHS = NO;
				CLANG_ANALYZER_NONNULL = YES;
				CLANG_ANALYZER_NUMBER_OBJECT_CONVERSION = YES_AGGRESSIVE;
				CLANG_CXX_LANGUAGE_STANDARD = "gnu++0x";
				CLANG_CXX_LIBRARY = "libc++";
				CLANG_ENABLE_MODULES = YES;
				CLANG_ENABLE_OBJC_ARC = YES;
				CLANG_WARN_BOOL_CONVERSION = YES;
				CLANG_WARN_CONSTANT_CONVERSION = YES;
				CLANG_WARN_DIRECT_OBJC_ISA_USAGE = YES_ERROR;
				CLANG_WARN_DOCUMENTATION_COMMENTS = YES;
				CLANG_WARN_EMPTY_BODY = YES;
				CLANG_WARN_ENUM_CONVERSION = YES;
				CLANG_WARN_INFINITE_RECURSION = YES;
				CLANG_WARN_INT_CONVERSION = YES;
				CLANG_WARN_OBJC_ROOT_CLASS = YES_ERROR;
				CLANG_WARN_SUSPICIOUS_MOVE = YES;
				CLANG_WARN_UNREACHABLE_CODE = YES;
				CLANG_WARN__DUPLICATE_METHOD_MATCH = YES;
				"CODE_SIGN_IDENTITY[sdk=iphoneos*]" = "iPhone Developer";
				COPY_PHASE_STRIP = NO;
				DEBUG_INFORMATION_FORMAT = "dwarf-with-dsym";
				ENABLE_NS_ASSERTIONS = NO;
				ENABLE_STRICT_OBJC_MSGSEND = YES;
				GCC_C_LANGUAGE_STANDARD = gnu99;
				GCC_NO_COMMON_BLOCKS = YES;
				GCC_WARN_64_TO_32_BIT_CONVERSION = YES;
				GCC_WARN_ABOUT_RETURN_TYPE = YES_ERROR;
				GCC_WARN_UNDECLARED_SELECTOR = YES;
				GCC_WARN_UNINITIALIZED_AUTOS = YES_AGGRESSIVE;
				GCC_WARN_UNUSED_FUNCTION = YES;
				GCC_WARN_UNUSED_VARIABLE = YES;
				IPHONEOS_DEPLOYMENT_TARGET = 10.3;
				MTL_ENABLE_DEBUG_INFO = NO;
				SDKROOT = iphoneos;
				SWIFT_OPTIMIZATION_LEVEL = "-Owholemodule";
				VALIDATE_PRODUCT = YES;
			};
			name = Release;
		};
		5B2A29A91F0B054F00C6E58D /* Debug */ = {
			isa = XCBuildConfiguration;
			baseConfigurationReference = C738C7EA3DF10CF765B5BA68 /* Pods-Which one.debug.xcconfig */;
			buildSettings = {
				ASSETCATALOG_COMPILER_APPICON_NAME = AppIcon;
				DEVELOPMENT_TEAM = TALKAB4XDB;
				INFOPLIST_FILE = "Which one/Info.plist";
				LD_RUNPATH_SEARCH_PATHS = "$(inherited) @executable_path/Frameworks";
				PRODUCT_BUNDLE_IDENTIFIER = "com.quangvu.Which-one";
				PRODUCT_NAME = "$(TARGET_NAME)";
				SWIFT_VERSION = 3.0;
			};
			name = Debug;
		};
		5B2A29AA1F0B054F00C6E58D /* Release */ = {
			isa = XCBuildConfiguration;
			baseConfigurationReference = 94E9B109576E7418295158D5 /* Pods-Which one.release.xcconfig */;
			buildSettings = {
				ASSETCATALOG_COMPILER_APPICON_NAME = AppIcon;
				DEVELOPMENT_TEAM = TALKAB4XDB;
				INFOPLIST_FILE = "Which one/Info.plist";
				LD_RUNPATH_SEARCH_PATHS = "$(inherited) @executable_path/Frameworks";
				PRODUCT_BUNDLE_IDENTIFIER = "com.quangvu.Which-one";
				PRODUCT_NAME = "$(TARGET_NAME)";
				SWIFT_VERSION = 3.0;
			};
			name = Release;
		};
/* End XCBuildConfiguration section */

/* Begin XCConfigurationList section */
		5B2A298E1F0B054F00C6E58D /* Build configuration list for PBXProject "Which one" */ = {
			isa = XCConfigurationList;
			buildConfigurations = (
				5B2A29A61F0B054F00C6E58D /* Debug */,
				5B2A29A71F0B054F00C6E58D /* Release */,
			);
			defaultConfigurationIsVisible = 0;
			defaultConfigurationName = Release;
		};
		5B2A29A81F0B054F00C6E58D /* Build configuration list for PBXNativeTarget "Which one" */ = {
			isa = XCConfigurationList;
			buildConfigurations = (
				5B2A29A91F0B054F00C6E58D /* Debug */,
				5B2A29AA1F0B054F00C6E58D /* Release */,
			);
			defaultConfigurationIsVisible = 0;
		};
/* End XCConfigurationList section */

/* Begin XCVersionGroup section */
		5B2A299D1F0B054F00C6E58D /* Which_one.xcdatamodeld */ = {
			isa = XCVersionGroup;
			children = (
				5B2A299E1F0B054F00C6E58D /* Which_one.xcdatamodel */,
			);
			currentVersion = 5B2A299E1F0B054F00C6E58D /* Which_one.xcdatamodel */;
			path = Which_one.xcdatamodeld;
			sourceTree = "<group>";
			versionGroupType = wrapper.xcdatamodel;
		};
/* End XCVersionGroup section */
	};
	rootObject = 5B2A298B1F0B054F00C6E58D /* Project object */;
}
